dependencies:
- name: dex
  repository: https://charts.dexidp.io
  version: 0.9.0
- name: minio
  repository: https://charts.min.io/
  version: 4.0.2
- name: kubed
  repository: https://charts.appscode.com/stable/
  version: v0.13.2
- name: epinio-ui
  repository: https://epinio.github.io/helm-charts
  version: 0.7.0
digest: sha256:4b81af53ce26ddb1346b50794ebb8cabd0a150645b254522195cd5759e3d9dbc
generated: "2022-07-19T13:19:38.487210717+02:00"
