dependencies:
- name: dex
  repository: https://charts.dexidp.io
  version: 0.15.0
- name: minio
  repository: https://charts.min.io/
  version: 5.0.12
- name: kubed
  repository: https://charts.appscode.com/stable/
  version: v0.13.2
- name: s3gw
  repository: https://aquarist-labs.github.io/s3gw-charts
  version: 0.18.0
digest: sha256:7ef2f7b4aba58dcab67c340d866fafe19e091e5b222412a7e6a469e304fcf118
generated: "2023-07-07T18:01:04.646760697Z"
