dependencies:
- name: dex
  repository: https://charts.dexidp.io
  version: 0.24.1
- name: seaweedfs
  repository: https://seaweedfs.github.io/seaweedfs/helm
  version: 4.45.0
- name: reflector
  repository: https://emberstack.github.io/helm-charts
  version: 10.0.58
- name: s3gw
  repository: https://s3gw-tech.github.io/s3gw-charts
  version: 0.14.0
- name: cert-manager
  repository: https://charts.jetstack.io
  version: v1.19.3
digest: sha256:c443f20d496a80fbf65b381e1c62c70941a98800b355ccc1385016e0c3032f3b
generated: "2026-09-03T17:07:57.593556516Z"
