dependencies:
- name: influxdb
  repository: https://helm.influxdata.com
  version: 4.12.5
- name: grafana
  repository: https://grafana.github.io/helm-charts
  version: 9.3.2
digest: sha256:4f06f5c67a2f063d79148ed41e22d90b159d27aef12dde4309afa56b3af3a4a3
generated: "2025-08-15T18:05:46.698038562Z"
